// !$*UTF8*$!
{
	archiveVersion = 1;
	classes = {
	};
	objectVersion = 56;
	objects = {

/* Begin PBXBuildFile section */
		9233D6882B6C8737008514C7 /* DetailElement.swift in Sources */ = {isa = PBXBuildFile; fileRef = 9233D6872B6C8737008514C7 /* DetailElement.swift */; };
		9233D68B2B6C89AB008514C7 /* ModelData.xcdatamodeld in Sources */ = {isa = PBXBuildFile; fileRef = 9233D6892B6C89AB008514C7 /* ModelData.xcdatamodeld */; };
		9233D6A02B6C8E5F008514C7 /* BookmarkMO+CoreDataClass.swift in Sources */ = {isa = PBXBuildFile; fileRef = 9233D69C2B6C8E5F008514C7 /* BookmarkMO+CoreDataClass.swift */; };
		9233D6A12B6C8E5F008514C7 /* BookmarkMO+CoreDataProperties.swift in Sources */ = {isa = PBXBuildFile; fileRef = 9233D69D2B6C8E5F008514C7 /* BookmarkMO+CoreDataProperties.swift */; };
		9233D6A22B6C8E5F008514C7 /* UserMO+CoreDataClass.swift in Sources */ = {isa = PBXBuildFile; fileRef = 9233D69E2B6C8E5F008514C7 /* UserMO+CoreDataClass.swift */; };
		9233D6A32B6C8E5F008514C7 /* UserMO+CoreDataProperties.swift in Sources */ = {isa = PBXBuildFile; fileRef = 9233D69F2B6C8E5F008514C7 /* UserMO+CoreDataProperties.swift */; };
		9233D6A52B6C90DE008514C7 /* CoreDataManageable.swift in Sources */ = {isa = PBXBuildFile; fileRef = 9233D6A42B6C90DE008514C7 /* CoreDataManageable.swift */; };
		9233D6A72B6C91E1008514C7 /* MainViewController.swift in Sources */ = {isa = PBXBuildFile; fileRef = 9233D6A62B6C91E1008514C7 /* MainViewController.swift */; };
		92567D742B677455005943D1 /* AppDelegate.swift in Sources */ = {isa = PBXBuildFile; fileRef = 92567D732B677455005943D1 /* AppDelegate.swift */; };
		92567D762B677455005943D1 /* SceneDelegate.swift in Sources */ = {isa = PBXBuildFile; fileRef = 92567D752B677455005943D1 /* SceneDelegate.swift */; };
		92567D782B677455005943D1 /* RecentImageViewController.swift in Sources */ = {isa = PBXBuildFile; fileRef = 92567D772B677455005943D1 /* RecentImageViewController.swift */; };
		92567D7D2B677456005943D1 /* Assets.xcassets in Resources */ = {isa = PBXBuildFile; fileRef = 92567D7C2B677456005943D1 /* Assets.xcassets */; };
		92567D802B677456005943D1 /* LaunchScreen.storyboard in Resources */ = {isa = PBXBuildFile; fileRef = 92567D7E2B677456005943D1 /* LaunchScreen.storyboard */; };
		92567D882B677503005943D1 /* TabBarController.swift in Sources */ = {isa = PBXBuildFile; fileRef = 92567D872B677503005943D1 /* TabBarController.swift */; };
		92567D8A2B677581005943D1 /* RandomPhotoViewController.swift in Sources */ = {isa = PBXBuildFile; fileRef = 92567D892B677581005943D1 /* RandomPhotoViewController.swift */; };
		92567D922B67DB29005943D1 /* Photo.swift in Sources */ = {isa = PBXBuildFile; fileRef = 92567D912B67DB29005943D1 /* Photo.swift */; };
		92567D942B67F75F005943D1 /* User.swift in Sources */ = {isa = PBXBuildFile; fileRef = 92567D932B67F75F005943D1 /* User.swift */; };
		92567D972B67F79A005943D1 /* Section.swift in Sources */ = {isa = PBXBuildFile; fileRef = 92567D962B67F79A005943D1 /* Section.swift */; };
		92567D9A2B67FB8B005943D1 /* Decodable+.swift in Sources */ = {isa = PBXBuildFile; fileRef = 92567D992B67FB8B005943D1 /* Decodable+.swift */; };
		92567D9D2B67FC53005943D1 /* EndPoint.swift in Sources */ = {isa = PBXBuildFile; fileRef = 92567D9C2B67FC53005943D1 /* EndPoint.swift */; };
		92567DA12B6801F3005943D1 /* HTTP.swift in Sources */ = {isa = PBXBuildFile; fileRef = 92567DA02B6801F3005943D1 /* HTTP.swift */; };
		92567DA32B680A8C005943D1 /* NetworkError.swift in Sources */ = {isa = PBXBuildFile; fileRef = 92567DA22B680A8C005943D1 /* NetworkError.swift */; };
		92567DA62B680B4D005943D1 /* APIProvider.swift in Sources */ = {isa = PBXBuildFile; fileRef = 92567DA52B680B4D005943D1 /* APIProvider.swift */; };
		92567DA82B68136C005943D1 /* PhotoCell.swift in Sources */ = {isa = PBXBuildFile; fileRef = 92567DA72B68136C005943D1 /* PhotoCell.swift */; };
		92567DAE2B689D62005943D1 /* URLs.swift in Sources */ = {isa = PBXBuildFile; fileRef = 92567DAD2B689D62005943D1 /* URLs.swift */; };
		92567DB02B68DED6005943D1 /* BookmarkCell.swift in Sources */ = {isa = PBXBuildFile; fileRef = 92567DAF2B68DED6005943D1 /* BookmarkCell.swift */; };
		92567DB32B68E083005943D1 /* ImageViewDownloadable.swift in Sources */ = {isa = PBXBuildFile; fileRef = 92567DB22B68E083005943D1 /* ImageViewDownloadable.swift */; };
		92567DC62B69C5DF005943D1 /* DetailViewController.swift in Sources */ = {isa = PBXBuildFile; fileRef = 92567DC52B69C5DF005943D1 /* DetailViewController.swift */; };
		92567DC82B6A4B9E005943D1 /* UIImage+.swift in Sources */ = {isa = PBXBuildFile; fileRef = 92567DC72B6A4B9E005943D1 /* UIImage+.swift */; };
		92567DCA2B6A5F1B005943D1 /* RandomPhotoCell.swift in Sources */ = {isa = PBXBuildFile; fileRef = 92567DC92B6A5F1B005943D1 /* RandomPhotoCell.swift */; };
		92567DCC2B6BC616005943D1 /* HeaderView.swift in Sources */ = {isa = PBXBuildFile; fileRef = 92567DCB2B6BC616005943D1 /* HeaderView.swift */; };
/* End PBXBuildFile section */

/* Begin PBXFileReference section */
		9233D6872B6C8737008514C7 /* DetailElement.swift */ = {isa = PBXFileReference; lastKnownFileType = sourcecode.swift; path = DetailElement.swift; sourceTree = "<group>"; };
		9233D68A2B6C89AB008514C7 /* ModelData.xcdatamodel */ = {isa = PBXFileReference; lastKnownFileType = wrapper.xcdatamodel; path = ModelData.xcdatamodel; sourceTree = "<group>"; };
		9233D69C2B6C8E5F008514C7 /* BookmarkMO+CoreDataClass.swift */ = {isa = PBXFileReference; lastKnownFileType = sourcecode.swift; path = "BookmarkMO+CoreDataClass.swift"; sourceTree = "<group>"; };
		9233D69D2B6C8E5F008514C7 /* BookmarkMO+CoreDataProperties.swift */ = {isa = PBXFileReference; lastKnownFileType = sourcecode.swift; path = "BookmarkMO+CoreDataProperties.swift"; sourceTree = "<group>"; };
		9233D69E2B6C8E5F008514C7 /* UserMO+CoreDataClass.swift */ = {isa = PBXFileReference; lastKnownFileType = sourcecode.swift; path = "UserMO+CoreDataClass.swift"; sourceTree = "<group>"; };
		9233D69F2B6C8E5F008514C7 /* UserMO+CoreDataProperties.swift */ = {isa = PBXFileReference; lastKnownFileType = sourcecode.swift; path = "UserMO+CoreDataProperties.swift"; sourceTree = "<group>"; };
		9233D6A42B6C90DE008514C7 /* CoreDataManageable.swift */ = {isa = PBXFileReference; lastKnownFileType = sourcecode.swift; path = CoreDataManageable.swift; sourceTree = "<group>"; };
		9233D6A62B6C91E1008514C7 /* MainViewController.swift */ = {isa = PBXFileReference; lastKnownFileType = sourcecode.swift; path = MainViewController.swift; sourceTree = "<group>"; };
		92567D702B677455005943D1 /* UnsplashClone.app */ = {isa = PBXFileReference; explicitFileType = wrapper.application; includeInIndex = 0; path = UnsplashClone.app; sourceTree = BUILT_PRODUCTS_DIR; };
		92567D732B677455005943D1 /* AppDelegate.swift */ = {isa = PBXFileReference; lastKnownFileType = sourcecode.swift; path = AppDelegate.swift; sourceTree = "<group>"; };
		92567D752B677455005943D1 /* SceneDelegate.swift */ = {isa = PBXFileReference; lastKnownFileType = sourcecode.swift; path = SceneDelegate.swift; sourceTree = "<group>"; };
		92567D772B677455005943D1 /* RecentImageViewController.swift */ = {isa = PBXFileReference; lastKnownFileType = sourcecode.swift; path = RecentImageViewController.swift; sourceTree = "<group>"; };
		92567D7C2B677456005943D1 /* Assets.xcassets */ = {isa = PBXFileReference; lastKnownFileType = folder.assetcatalog; path = Assets.xcassets; sourceTree = "<group>"; };
		92567D7F2B677456005943D1 /* Base */ = {isa = PBXFileReference; lastKnownFileType = file.storyboard; name = Base; path = Base.lproj/LaunchScreen.storyboard; sourceTree = "<group>"; };
		92567D812B677456005943D1 /* Info.plist */ = {isa = PBXFileReference; lastKnownFileType = text.plist.xml; path = Info.plist; sourceTree = "<group>"; };
		92567D872B677503005943D1 /* TabBarController.swift */ = {isa = PBXFileReference; lastKnownFileType = sourcecode.swift; path = TabBarController.swift; sourceTree = "<group>"; };
		92567D892B677581005943D1 /* RandomPhotoViewController.swift */ = {isa = PBXFileReference; lastKnownFileType = sourcecode.swift; path = RandomPhotoViewController.swift; sourceTree = "<group>"; };
		92567D912B67DB29005943D1 /* Photo.swift */ = {isa = PBXFileReference; lastKnownFileType = sourcecode.swift; path = Photo.swift; sourceTree = "<group>"; };
		92567D932B67F75F005943D1 /* User.swift */ = {isa = PBXFileReference; lastKnownFileType = sourcecode.swift; path = User.swift; sourceTree = "<group>"; };
		92567D962B67F79A005943D1 /* Section.swift */ = {isa = PBXFileReference; lastKnownFileType = sourcecode.swift; path = Section.swift; sourceTree = "<group>"; };
		92567D992B67FB8B005943D1 /* Decodable+.swift */ = {isa = PBXFileReference; lastKnownFileType = sourcecode.swift; path = "Decodable+.swift"; sourceTree = "<group>"; };
		92567D9C2B67FC53005943D1 /* EndPoint.swift */ = {isa = PBXFileReference; lastKnownFileType = sourcecode.swift; path = EndPoint.swift; sourceTree = "<group>"; };
		92567DA02B6801F3005943D1 /* HTTP.swift */ = {isa = PBXFileReference; lastKnownFileType = sourcecode.swift; path = HTTP.swift; sourceTree = "<group>"; };
		92567DA22B680A8C005943D1 /* NetworkError.swift */ = {isa = PBXFileReference; lastKnownFileType = sourcecode.swift; path = NetworkError.swift; sourceTree = "<group>"; };
		92567DA52B680B4D005943D1 /* APIProvider.swift */ = {isa = PBXFileReference; lastKnownFileType = sourcecode.swift; path = APIProvider.swift; sourceTree = "<group>"; };
		92567DA72B68136C005943D1 /* PhotoCell.swift */ = {isa = PBXFileReference; lastKnownFileType = sourcecode.swift; path = PhotoCell.swift; sourceTree = "<group>"; };
		92567DAD2B689D62005943D1 /* URLs.swift */ = {isa = PBXFileReference; lastKnownFileType = sourcecode.swift; path = URLs.swift; sourceTree = "<group>"; };
		92567DAF2B68DED6005943D1 /* BookmarkCell.swift */ = {isa = PBXFileReference; lastKnownFileType = sourcecode.swift; path = BookmarkCell.swift; sourceTree = "<group>"; };
		92567DB22B68E083005943D1 /* ImageViewDownloadable.swift */ = {isa = PBXFileReference; lastKnownFileType = sourcecode.swift; path = ImageViewDownloadable.swift; sourceTree = "<group>"; };
		92567DC52B69C5DF005943D1 /* DetailViewController.swift */ = {isa = PBXFileReference; lastKnownFileType = sourcecode.swift; path = DetailViewController.swift; sourceTree = "<group>"; };
		92567DC72B6A4B9E005943D1 /* UIImage+.swift */ = {isa = PBXFileReference; lastKnownFileType = sourcecode.swift; path = "UIImage+.swift"; sourceTree = "<group>"; };
		92567DC92B6A5F1B005943D1 /* RandomPhotoCell.swift */ = {isa = PBXFileReference; lastKnownFileType = sourcecode.swift; path = RandomPhotoCell.swift; sourceTree = "<group>"; };
		92567DCB2B6BC616005943D1 /* HeaderView.swift */ = {isa = PBXFileReference; lastKnownFileType = sourcecode.swift; path = HeaderView.swift; sourceTree = "<group>"; };
/* End PBXFileReference section */

/* Begin PBXFrameworksBuildPhase section */
		92567D6D2B677455005943D1 /* Frameworks */ = {
			isa = PBXFrameworksBuildPhase;
			buildActionMask = 2147483647;
			files = (
			);
			runOnlyForDeploymentPostprocessing = 0;
		};
/* End PBXFrameworksBuildPhase section */

/* Begin PBXGroup section */
		92567D672B677455005943D1 = {
			isa = PBXGroup;
			children = (
				9233D69C2B6C8E5F008514C7 /* BookmarkMO+CoreDataClass.swift */,
				9233D69D2B6C8E5F008514C7 /* BookmarkMO+CoreDataProperties.swift */,
				9233D69E2B6C8E5F008514C7 /* UserMO+CoreDataClass.swift */,
				9233D69F2B6C8E5F008514C7 /* UserMO+CoreDataProperties.swift */,
				92567D722B677455005943D1 /* UnsplashClone */,
				92567D712B677455005943D1 /* Products */,
			);
			sourceTree = "<group>";
		};
		92567D712B677455005943D1 /* Products */ = {
			isa = PBXGroup;
			children = (
				92567D702B677455005943D1 /* UnsplashClone.app */,
			);
			name = Products;
			sourceTree = "<group>";
		};
		92567D722B677455005943D1 /* UnsplashClone */ = {
			isa = PBXGroup;
			children = (
				92567DB12B68E071005943D1 /* Protocol */,
				92567D8C2B67D90C005943D1 /* Application */,
				92567D8E2B67D935005943D1 /* Model */,
				92567D8D2B67D923005943D1 /* View */,
				92567D8B2B67D8EF005943D1 /* Controller */,
				92567D9B2B67FC1E005943D1 /* Network */,
				92567DA42B680AAB005943D1 /* Error */,
				92567D982B67FB7A005943D1 /* Extension */,
				92567D7C2B677456005943D1 /* Assets.xcassets */,
				92567D812B677456005943D1 /* Info.plist */,
			);
			path = UnsplashClone;
			sourceTree = "<group>";
		};
		92567D8B2B67D8EF005943D1 /* Controller */ = {
			isa = PBXGroup;
			children = (
				92567D872B677503005943D1 /* TabBarController.swift */,
				9233D6A62B6C91E1008514C7 /* MainViewController.swift */,
				92567D772B677455005943D1 /* RecentImageViewController.swift */,
				92567D892B677581005943D1 /* RandomPhotoViewController.swift */,
				92567DC52B69C5DF005943D1 /* DetailViewController.swift */,
			);
			path = Controller;
			sourceTree = "<group>";
		};
		92567D8C2B67D90C005943D1 /* Application */ = {
			isa = PBXGroup;
			children = (
				92567D732B677455005943D1 /* AppDelegate.swift */,
				92567D752B677455005943D1 /* SceneDelegate.swift */,
			);
			path = Application;
			sourceTree = "<group>";
		};
		92567D8D2B67D923005943D1 /* View */ = {
			isa = PBXGroup;
			children = (
				92567D7E2B677456005943D1 /* LaunchScreen.storyboard */,
				92567DA72B68136C005943D1 /* PhotoCell.swift */,
				92567DAF2B68DED6005943D1 /* BookmarkCell.swift */,
				92567DC92B6A5F1B005943D1 /* RandomPhotoCell.swift */,
				92567DCB2B6BC616005943D1 /* HeaderView.swift */,
			);
			path = View;
			sourceTree = "<group>";
		};
		92567D8E2B67D935005943D1 /* Model */ = {
			isa = PBXGroup;
			children = (
				92567D952B67F77B005943D1 /* DTO */,
				92567D962B67F79A005943D1 /* Section.swift */,
				9233D6872B6C8737008514C7 /* DetailElement.swift */,
				9233D6892B6C89AB008514C7 /* ModelData.xcdatamodeld */,
			);
			name = Model;
			sourceTree = "<group>";
		};
		92567D952B67F77B005943D1 /* DTO */ = {
			isa = PBXGroup;
			children = (
				92567D912B67DB29005943D1 /* Photo.swift */,
				92567D932B67F75F005943D1 /* User.swift */,
				92567DAD2B689D62005943D1 /* URLs.swift */,
			);
			name = DTO;
			sourceTree = "<group>";
		};
		92567D982B67FB7A005943D1 /* Extension */ = {
			isa = PBXGroup;
			children = (
				92567D992B67FB8B005943D1 /* Decodable+.swift */,
				92567DC72B6A4B9E005943D1 /* UIImage+.swift */,
			);
			path = Extension;
			sourceTree = "<group>";
		};
		92567D9B2B67FC1E005943D1 /* Network */ = {
			isa = PBXGroup;
			children = (
				92567D9C2B67FC53005943D1 /* EndPoint.swift */,
				92567DA02B6801F3005943D1 /* HTTP.swift */,
				92567DA52B680B4D005943D1 /* APIProvider.swift */,
			);
			path = Network;
			sourceTree = "<group>";
		};
		92567DA42B680AAB005943D1 /* Error */ = {
			isa = PBXGroup;
			children = (
				92567DA22B680A8C005943D1 /* NetworkError.swift */,
			);
			path = Error;
			sourceTree = "<group>";
		};
		92567DB12B68E071005943D1 /* Protocol */ = {
			isa = PBXGroup;
			children = (
				92567DB22B68E083005943D1 /* ImageViewDownloadable.swift */,
				9233D6A42B6C90DE008514C7 /* CoreDataManageable.swift */,
			);
			path = Protocol;
			sourceTree = "<group>";
		};
/* End PBXGroup section */

/* Begin PBXNativeTarget section */
		92567D6F2B677455005943D1 /* UnsplashClone */ = {
			isa = PBXNativeTarget;
			buildConfigurationList = 92567D842B677456005943D1 /* Build configuration list for PBXNativeTarget "UnsplashClone" */;
			buildPhases = (
				92567D6C2B677455005943D1 /* Sources */,
				92567D6D2B677455005943D1 /* Frameworks */,
				92567D6E2B677455005943D1 /* Resources */,
			);
			buildRules = (
			);
			dependencies = (
			);
			name = UnsplashClone;
			productName = UnsplashClone;
			productReference = 92567D702B677455005943D1 /* UnsplashClone.app */;
			productType = "com.apple.product-type.application";
		};
/* End PBXNativeTarget section */

/* Begin PBXProject section */
		92567D682B677455005943D1 /* Project object */ = {
			isa = PBXProject;
			attributes = {
				BuildIndependentTargetsInParallel = 1;
				LastSwiftUpdateCheck = 1500;
				LastUpgradeCheck = 1500;
				TargetAttributes = {
					92567D6F2B677455005943D1 = {
						CreatedOnToolsVersion = 15.0;
					};
				};
			};
			buildConfigurationList = 92567D6B2B677455005943D1 /* Build configuration list for PBXProject "UnsplashClone" */;
			compatibilityVersion = "Xcode 14.0";
			developmentRegion = en;
			hasScannedForEncodings = 0;
			knownRegions = (
				en,
				Base,
			);
			mainGroup = 92567D672B677455005943D1;
			productRefGroup = 92567D712B677455005943D1 /* Products */;
			projectDirPath = "";
			projectRoot = "";
			targets = (
				92567D6F2B677455005943D1 /* UnsplashClone */,
			);
		};
/* End PBXProject section */

/* Begin PBXResourcesBuildPhase section */
		92567D6E2B677455005943D1 /* Resources */ = {
			isa = PBXResourcesBuildPhase;
			buildActionMask = 2147483647;
			files = (
				92567D802B677456005943D1 /* LaunchScreen.storyboard in Resources */,
				92567D7D2B677456005943D1 /* Assets.xcassets in Resources */,
			);
			runOnlyForDeploymentPostprocessing = 0;
		};
/* End PBXResourcesBuildPhase section */

/* Begin PBXSourcesBuildPhase section */
		92567D6C2B677455005943D1 /* Sources */ = {
			isa = PBXSourcesBuildPhase;
			buildActionMask = 2147483647;
			files = (
				92567DA82B68136C005943D1 /* PhotoCell.swift in Sources */,
				9233D6A52B6C90DE008514C7 /* CoreDataManageable.swift in Sources */,
				9233D6A12B6C8E5F008514C7 /* BookmarkMO+CoreDataProperties.swift in Sources */,
				92567D922B67DB29005943D1 /* Photo.swift in Sources */,
				92567D782B677455005943D1 /* RecentImageViewController.swift in Sources */,
				92567DB32B68E083005943D1 /* ImageViewDownloadable.swift in Sources */,
				92567DB02B68DED6005943D1 /* BookmarkCell.swift in Sources */,
				92567D9D2B67FC53005943D1 /* EndPoint.swift in Sources */,
				9233D6A72B6C91E1008514C7 /* MainViewController.swift in Sources */,
				92567D8A2B677581005943D1 /* RandomPhotoViewController.swift in Sources */,
				92567DCC2B6BC616005943D1 /* HeaderView.swift in Sources */,
				9233D68B2B6C89AB008514C7 /* ModelData.xcdatamodeld in Sources */,
				92567D942B67F75F005943D1 /* User.swift in Sources */,
				9233D6A32B6C8E5F008514C7 /* UserMO+CoreDataProperties.swift in Sources */,
				9233D6A02B6C8E5F008514C7 /* BookmarkMO+CoreDataClass.swift in Sources */,
				92567D882B677503005943D1 /* TabBarController.swift in Sources */,
				92567D972B67F79A005943D1 /* Section.swift in Sources */,
				92567DC62B69C5DF005943D1 /* DetailViewController.swift in Sources */,
				92567D742B677455005943D1 /* AppDelegate.swift in Sources */,
				92567DA62B680B4D005943D1 /* APIProvider.swift in Sources */,
				92567DAE2B689D62005943D1 /* URLs.swift in Sources */,
				92567DA12B6801F3005943D1 /* HTTP.swift in Sources */,
				9233D6A22B6C8E5F008514C7 /* UserMO+CoreDataClass.swift in Sources */,
				92567DA32B680A8C005943D1 /* NetworkError.swift in Sources */,
				92567D762B677455005943D1 /* SceneDelegate.swift in Sources */,
				9233D6882B6C8737008514C7 /* DetailElement.swift in Sources */,
				92567DC82B6A4B9E005943D1 /* UIImage+.swift in Sources */,
				92567D9A2B67FB8B005943D1 /* Decodable+.swift in Sources */,
				92567DCA2B6A5F1B005943D1 /* RandomPhotoCell.swift in Sources */,
			);
			runOnlyForDeploymentPostprocessing = 0;
		};
/* End PBXSourcesBuildPhase section */

/* Begin PBXVariantGroup section */
		92567D7E2B677456005943D1 /* LaunchScreen.storyboard */ = {
			isa = PBXVariantGroup;
			children = (
				92567D7F2B677456005943D1 /* Base */,
			);
			name = LaunchScreen.storyboard;
			sourceTree = "<group>";
		};
/* End PBXVariantGroup section */

/* Begin XCBuildConfiguration section */
		92567D822B677456005943D1 /* Debug */ = {
			isa = XCBuildConfiguration;
			buildSettings = {
				ALWAYS_SEARCH_USER_PATHS = NO;
				ASSETCATALOG_COMPILER_GENERATE_SWIFT_ASSET_SYMBOL_EXTENSIONS = YES;
				CLANG_ANALYZER_NONNULL = YES;
				CLANG_ANALYZER_NUMBER_OBJECT_CONVERSION = YES_AGGRESSIVE;
				CLANG_CXX_LANGUAGE_STANDARD = "gnu++20";
				CLANG_ENABLE_MODULES = YES;
				CLANG_ENABLE_OBJC_ARC = YES;
				CLANG_ENABLE_OBJC_WEAK = YES;
				CLANG_WARN_BLOCK_CAPTURE_AUTORELEASING = YES;
				CLANG_WARN_BOOL_CONVERSION = YES;
				CLANG_WARN_COMMA = YES;
				CLANG_WARN_CONSTANT_CONVERSION = YES;
				CLANG_WARN_DEPRECATED_OBJC_IMPLEMENTATIONS = YES;
				CLANG_WARN_DIRECT_OBJC_ISA_USAGE = YES_ERROR;
				CLANG_WARN_DOCUMENTATION_COMMENTS = YES;
				CLANG_WARN_EMPTY_BODY = YES;
				CLANG_WARN_ENUM_CONVERSION = YES;
				CLANG_WARN_INFINITE_RECURSION = YES;
				CLANG_WARN_INT_CONVERSION = YES;
				CLANG_WARN_NON_LITERAL_NULL_CONVERSION = YES;
				CLANG_WARN_OBJC_IMPLICIT_RETAIN_SELF = YES;
				CLANG_WARN_OBJC_LITERAL_CONVERSION = YES;
				CLANG_WARN_OBJC_ROOT_CLASS = YES_ERROR;
				CLANG_WARN_QUOTED_INCLUDE_IN_FRAMEWORK_HEADER = YES;
				CLANG_WARN_RANGE_LOOP_ANALYSIS = YES;
				CLANG_WARN_STRICT_PROTOTYPES = YES;
				CLANG_WARN_SUSPICIOUS_MOVE = YES;
				CLANG_WARN_UNGUARDED_AVAILABILITY = YES_AGGRESSIVE;
				CLANG_WARN_UNREACHABLE_CODE = YES;
				CLANG_WARN__DUPLICATE_METHOD_MATCH = YES;
				COPY_PHASE_STRIP = NO;
				DEBUG_INFORMATION_FORMAT = dwarf;
				ENABLE_STRICT_OBJC_MSGSEND = YES;
				ENABLE_TESTABILITY = YES;
				ENABLE_USER_SCRIPT_SANDBOXING = YES;
				GCC_C_LANGUAGE_STANDARD = gnu17;
				GCC_DYNAMIC_NO_PIC = NO;
				GCC_NO_COMMON_BLOCKS = YES;
				GCC_OPTIMIZATION_LEVEL = 0;
				GCC_PREPROCESSOR_DEFINITIONS = (
					"DEBUG=1",
					"$(inherited)",
				);
				GCC_WARN_64_TO_32_BIT_CONVERSION = YES;
				GCC_WARN_ABOUT_RETURN_TYPE = YES_ERROR;
				GCC_WARN_UNDECLARED_SELECTOR = YES;
				GCC_WARN_UNINITIALIZED_AUTOS = YES_AGGRESSIVE;
				GCC_WARN_UNUSED_FUNCTION = YES;
				GCC_WARN_UNUSED_VARIABLE = YES;
				IPHONEOS_DEPLOYMENT_TARGET = 17.0;
				LOCALIZATION_PREFERS_STRING_CATALOGS = YES;
				MTL_ENABLE_DEBUG_INFO = INCLUDE_SOURCE;
				MTL_FAST_MATH = YES;
				ONLY_ACTIVE_ARCH = YES;
				SDKROOT = iphoneos;
				SWIFT_ACTIVE_COMPILATION_CONDITIONS = "DEBUG $(inherited)";
				SWIFT_OPTIMIZATION_LEVEL = "-Onone";
			};
			name = Debug;
		};
		92567D832B677456005943D1 /* Release */ = {
			isa = XCBuildConfiguration;
			buildSettings = {
				ALWAYS_SEARCH_USER_PATHS = NO;
				ASSETCATALOG_COMPILER_GENERATE_SWIFT_ASSET_SYMBOL_EXTENSIONS = YES;
				CLANG_ANALYZER_NONNULL = YES;
				CLANG_ANALYZER_NUMBER_OBJECT_CONVERSION = YES_AGGRESSIVE;
				CLANG_CXX_LANGUAGE_STANDARD = "gnu++20";
				CLANG_ENABLE_MODULES = YES;
				CLANG_ENABLE_OBJC_ARC = YES;
				CLANG_ENABLE_OBJC_WEAK = YES;
				CLANG_WARN_BLOCK_CAPTURE_AUTORELEASING = YES;
				CLANG_WARN_BOOL_CONVERSION = YES;
				CLANG_WARN_COMMA = YES;
				CLANG_WARN_CONSTANT_CONVERSION = YES;
				CLANG_WARN_DEPRECATED_OBJC_IMPLEMENTATIONS = YES;
				CLANG_WARN_DIRECT_OBJC_ISA_USAGE = YES_ERROR;
				CLANG_WARN_DOCUMENTATION_COMMENTS = YES;
				CLANG_WARN_EMPTY_BODY = YES;
				CLANG_WARN_ENUM_CONVERSION = YES;
				CLANG_WARN_INFINITE_RECURSION = YES;
				CLANG_WARN_INT_CONVERSION = YES;
				CLANG_WARN_NON_LITERAL_NULL_CONVERSION = YES;
				CLANG_WARN_OBJC_IMPLICIT_RETAIN_SELF = YES;
				CLANG_WARN_OBJC_LITERAL_CONVERSION = YES;
				CLANG_WARN_OBJC_ROOT_CLASS = YES_ERROR;
				CLANG_WARN_QUOTED_INCLUDE_IN_FRAMEWORK_HEADER = YES;
				CLANG_WARN_RANGE_LOOP_ANALYSIS = YES;
				CLANG_WARN_STRICT_PROTOTYPES = YES;
				CLANG_WARN_SUSPICIOUS_MOVE = YES;
				CLANG_WARN_UNGUARDED_AVAILABILITY = YES_AGGRESSIVE;
				CLANG_WARN_UNREACHABLE_CODE = YES;
				CLANG_WARN__DUPLICATE_METHOD_MATCH = YES;
				COPY_PHASE_STRIP = NO;
				DEBUG_INFORMATION_FORMAT = "dwarf-with-dsym";
				ENABLE_NS_ASSERTIONS = NO;
				ENABLE_STRICT_OBJC_MSGSEND = YES;
				ENABLE_USER_SCRIPT_SANDBOXING = YES;
				GCC_C_LANGUAGE_STANDARD = gnu17;
				GCC_NO_COMMON_BLOCKS = YES;
				GCC_WARN_64_TO_32_BIT_CONVERSION = YES;
				GCC_WARN_ABOUT_RETURN_TYPE = YES_ERROR;
				GCC_WARN_UNDECLARED_SELECTOR = YES;
				GCC_WARN_UNINITIALIZED_AUTOS = YES_AGGRESSIVE;
				GCC_WARN_UNUSED_FUNCTION = YES;
				GCC_WARN_UNUSED_VARIABLE = YES;
				IPHONEOS_DEPLOYMENT_TARGET = 17.0;
				LOCALIZATION_PREFERS_STRING_CATALOGS = YES;
				MTL_ENABLE_DEBUG_INFO = NO;
				MTL_FAST_MATH = YES;
				SDKROOT = iphoneos;
				SWIFT_COMPILATION_MODE = wholemodule;
				VALIDATE_PRODUCT = YES;
			};
			name = Release;
		};
		92567D852B677456005943D1 /* Debug */ = {
			isa = XCBuildConfiguration;
			buildSettings = {
				ASSETCATALOG_COMPILER_APPICON_NAME = AppIcon;
				ASSETCATALOG_COMPILER_GLOBAL_ACCENT_COLOR_NAME = AccentColor;
				CODE_SIGN_STYLE = Automatic;
				CURRENT_PROJECT_VERSION = 1;
				DEVELOPMENT_TEAM = BMG3X5CM6G;
				GENERATE_INFOPLIST_FILE = YES;
				INFOPLIST_FILE = UnsplashClone/Info.plist;
				INFOPLIST_KEY_UIApplicationSupportsIndirectInputEvents = YES;
				INFOPLIST_KEY_UILaunchStoryboardName = LaunchScreen;
				INFOPLIST_KEY_UISupportedInterfaceOrientations_iPad = "UIInterfaceOrientationPortrait UIInterfaceOrientationPortraitUpsideDown UIInterfaceOrientationLandscapeLeft UIInterfaceOrientationLandscapeRight";
				INFOPLIST_KEY_UISupportedInterfaceOrientations_iPhone = "UIInterfaceOrientationPortrait UIInterfaceOrientationLandscapeLeft UIInterfaceOrientationLandscapeRight";
				LD_RUNPATH_SEARCH_PATHS = (
					"$(inherited)",
					"@executable_path/Frameworks",
				);
				MARKETING_VERSION = 1.0;
				PRODUCT_BUNDLE_IDENTIFIER = kr.traum.marchen.UnsplashClone;
				PRODUCT_NAME = "$(TARGET_NAME)";
				SWIFT_EMIT_LOC_STRINGS = YES;
				SWIFT_VERSION = 5.0;
				TARGETED_DEVICE_FAMILY = "1,2";
			};
			name = Debug;
		};
		92567D862B677456005943D1 /* Release */ = {
			isa = XCBuildConfiguration;
			buildSettings = {
				ASSETCATALOG_COMPILER_APPICON_NAME = AppIcon;
				ASSETCATALOG_COMPILER_GLOBAL_ACCENT_COLOR_NAME = AccentColor;
				CODE_SIGN_STYLE = Automatic;
				CURRENT_PROJECT_VERSION = 1;
				DEVELOPMENT_TEAM = BMG3X5CM6G;
				GENERATE_INFOPLIST_FILE = YES;
				INFOPLIST_FILE = UnsplashClone/Info.plist;
				INFOPLIST_KEY_UIApplicationSupportsIndirectInputEvents = YES;
				INFOPLIST_KEY_UILaunchStoryboardName = LaunchScreen;
				INFOPLIST_KEY_UISupportedInterfaceOrientations_iPad = "UIInterfaceOrientationPortrait UIInterfaceOrientationPortraitUpsideDown UIInterfaceOrientationLandscapeLeft UIInterfaceOrientationLandscapeRight";
				INFOPLIST_KEY_UISupportedInterfaceOrientations_iPhone = "UIInterfaceOrientationPortrait UIInterfaceOrientationLandscapeLeft UIInterfaceOrientationLandscapeRight";
				LD_RUNPATH_SEARCH_PATHS = (
					"$(inherited)",
					"@executable_path/Frameworks",
				);
				MARKETING_VERSION = 1.0;
				PRODUCT_BUNDLE_IDENTIFIER = kr.traum.marchen.UnsplashClone;
				PRODUCT_NAME = "$(TARGET_NAME)";
				SWIFT_EMIT_LOC_STRINGS = YES;
				SWIFT_VERSION = 5.0;
				TARGETED_DEVICE_FAMILY = "1,2";
			};
			name = Release;
		};
/* End XCBuildConfiguration section */

/* Begin XCConfigurationList section */
		92567D6B2B677455005943D1 /* Build configuration list for PBXProject "UnsplashClone" */ = {
			isa = XCConfigurationList;
			buildConfigurations = (
				92567D822B677456005943D1 /* Debug */,
				92567D832B677456005943D1 /* Release */,
			);
			defaultConfigurationIsVisible = 0;
			defaultConfigurationName = Release;
		};
		92567D842B677456005943D1 /* Build configuration list for PBXNativeTarget "UnsplashClone" */ = {
			isa = XCConfigurationList;
			buildConfigurations = (
				92567D852B677456005943D1 /* Debug */,
				92567D862B677456005943D1 /* Release */,
			);
			defaultConfigurationIsVisible = 0;
			defaultConfigurationName = Release;
		};
/* End XCConfigurationList section */

/* Begin XCVersionGroup section */
		9233D6892B6C89AB008514C7 /* ModelData.xcdatamodeld */ = {
			isa = XCVersionGroup;
			children = (
				9233D68A2B6C89AB008514C7 /* ModelData.xcdatamodel */,
			);
			currentVersion = 9233D68A2B6C89AB008514C7 /* ModelData.xcdatamodel */;
			path = ModelData.xcdatamodeld;
			sourceTree = "<group>";
			versionGroupType = wrapper.xcdatamodel;
		};
/* End XCVersionGroup section */
	};
	rootObject = 92567D682B677455005943D1 /* Project object */;
}
